{
  "name": "shotest-test-project",
  "version": "0.0.0",
  "lockfileVersion": 3,
  "requires": true,
  "packages": {
    "": {
      "name": "shotest-test-project",
      "version": "0.0.0",
      "devDependencies": {
        "shotest": "file:.."
      }
    },
    "..": {
      "version": "2.4.0",
      "dev": true,
      "dependencies": {
        "@playwright/test": "^1.62.1",
        "sharp": "^0.35.3"
      },
      "bin": {
        "shotest": "build/cli.js",
        "shotest-playwright": "bin/shotest-playwright"
      },
      "devDependencies": {
        "@types/bun": "^1.4.0",
        "@types/node": "^25.9.5",
        "aberdeen": "^1.22.0",
        "staffa": "0.12.0",
        "typescript": "^5.9.3",
        "vite": "^7.3.6",
        "vite-plugin-singlefile": "^2.3.3"
      }
    },
    "node_modules/shotest": {
      "resolved": "..",
      "link": true
    }
  }
}
